PODS:
  - BoringSSL (10.0.5):
    - BoringSSL/Implementation (= 10.0.5)
    - BoringSSL/Interface (= 10.0.5)
  - BoringSSL/Implementation (10.0.5):
    - BoringSSL/Interface (= 10.0.5)
  - BoringSSL/Interface (10.0.5)
  - DynamicBlurView (2.0.2)
  - DZNEmptyDataSet (1.8.1)
  - Firebase/Auth (4.6.0):
    - Firebase/Core
    - FirebaseAuth (= 4.3.2)
  - Firebase/Core (4.6.0):
    - FirebaseAnalytics (= 4.0.5)
    - FirebaseCore (= 4.0.11)
  - Firebase/Database (4.6.0):
    - Firebase/Core
    - FirebaseDatabase (= 4.1.1)
  - Firebase/Firestore (4.6.0):
    - Firebase/Core
    - FirebaseFirestore (= 0.9.2)
  - Firebase/Messaging (4.6.0):
    - Firebase/Core
    - FirebaseMessaging (= 2.0.6)
  - Firebase/Storage (4.6.0):
    - Firebase/Core
    - FirebaseStorage (= 2.0.2)
  - FirebaseAnalytics (4.0.5):
    - FirebaseCore (~> 4.0)
    - FirebaseInstanceID (~> 2.0)
    - "GoogleToolboxForMac/NSData+zlib (~> 2.1)"
    - nanopb (~> 0.3)
  - FirebaseAuth (4.3.2):
    - FirebaseAnalytics (~> 4.0)
    - "GoogleToolboxForMac/NSDictionary+URLArguments (~> 2.1)"
    - GTMSessionFetcher/Core (~> 1.1)
  - FirebaseCore (4.0.11):
    - "GoogleToolboxForMac/NSData+zlib (~> 2.1)"
  - FirebaseDatabase (4.1.1):
    - FirebaseAnalytics (~> 4.0)
    - FirebaseCore (~> 4.0)
    - leveldb-library (~> 1.18)
  - FirebaseFirestore (0.9.2):
    - FirebaseAnalytics (~> 4.0)
    - FirebaseAuth (~> 4.3)
    - FirebaseCore (~> 4.0)
    - gRPC-ProtoRPC (~> 1.0)
    - leveldb-library (~> 1.18)
    - Protobuf (~> 3.1)
  - FirebaseInstanceID (2.0.10):
    - FirebaseCore (~> 4.0)
  - FirebaseMessaging (2.0.6):
    - FirebaseAnalytics (~> 4.0)
    - FirebaseCore (~> 4.0)
    - FirebaseInstanceID (~> 2.0)
    - GoogleToolboxForMac/Logger (~> 2.1)
    - Protobuf (~> 3.1)
  - FirebaseStorage (2.0.2):
    - FirebaseAnalytics (~> 4.0)
    - FirebaseCore (~> 4.0)
    - GTMSessionFetcher/Core (~> 1.1)
  - GoogleMaps (2.7.0):
    - GoogleMaps/Maps (= 2.7.0)
  - GoogleMaps/Base (2.7.0)
  - GoogleMaps/Maps (2.7.0):
    - GoogleMaps/Base
  - GooglePlaces (2.7.0):
    - GoogleMaps/Base (= 2.7.0)
  - GoogleToolboxForMac/DebugUtils (2.1.4):
    - GoogleToolboxForMac/Defines (= 2.1.4)
  - GoogleToolboxForMac/Defines (2.1.4)
  - GoogleToolboxForMac/Logger (2.1.4):
    - GoogleToolboxForMac/Defines (= 2.1.4)
  - "GoogleToolboxForMac/NSData+zlib (2.1.4)":
    - GoogleToolboxForMac/Defines (= 2.1.4)
  - "GoogleToolboxForMac/NSDictionary+URLArguments (2.1.4)":
    - GoogleToolboxForMac/DebugUtils (= 2.1.4)
    - GoogleToolboxForMac/Defines (= 2.1.4)
    - "GoogleToolboxForMac/NSString+URLArguments (= 2.1.4)"
  - "GoogleToolboxForMac/NSString+URLArguments (2.1.4)"
  - gRPC (1.13.0):
    - gRPC-RxLibrary (= 1.13.0)
    - gRPC/Main (= 1.13.0)
  - gRPC-Core (1.13.0):
    - gRPC-Core/Implementation (= 1.13.0)
    - gRPC-Core/Interface (= 1.13.0)
  - gRPC-Core/Implementation (1.13.0):
    - BoringSSL (~> 10.0)
    - gRPC-Core/Interface (= 1.13.0)
    - nanopb (~> 0.3)
  - gRPC-Core/Interface (1.13.0)
  - gRPC-ProtoRPC (1.13.0):
    - gRPC-ProtoRPC/Main (= 1.13.0)
  - gRPC-ProtoRPC/Main (1.13.0):
    - gRPC (= 1.13.0)
    - gRPC-RxLibrary (= 1.13.0)
    - Protobuf (~> 3.0)
  - gRPC-RxLibrary (1.13.0)
  - gRPC/Main (1.13.0):
    - gRPC-Core (= 1.13.0)
    - gRPC-RxLibrary (= 1.13.0)
  - GTMSessionFetcher/Core (1.1.15)
  - IQKeyboardManagerSwift (6.0.5)
  - JVFloatLabeledTextField (1.2.1)
  - leveldb-library (1.20)
  - MaterialComponents/Buttons (56.0.0):
    - MaterialComponents/Ink
    - MaterialComponents/private/Math
    - MaterialComponents/private/Shapes
    - MaterialComponents/ShadowElevations
    - MaterialComponents/ShadowLayer
    - MaterialComponents/Typography
    - MDFInternationalization
    - MDFTextAccessibility
  - "MaterialComponents/Buttons+ButtonThemer (56.0.0)":
    - MaterialComponents/Buttons
    - "MaterialComponents/Buttons+ColorThemer"
    - "MaterialComponents/Buttons+TypographyThemer"
  - "MaterialComponents/Buttons+ColorThemer (56.0.0)":
    - MaterialComponents/Buttons
    - MaterialComponents/schemes/Color
  - "MaterialComponents/Buttons+TypographyThemer (56.0.0)":
    - MaterialComponents/Buttons
    - MaterialComponents/schemes/Typography
  - MaterialComponents/Cards (56.0.0):
    - MaterialComponents/Ink
    - MaterialComponents/private/Icons/ic_check_circle
    - MaterialComponents/private/Math
    - MaterialComponents/private/Shapes
    - MaterialComponents/ShadowLayer
  - MaterialComponents/Ink (56.0.0):
    - MaterialComponents/private/Math
  - MaterialComponents/private/Application (56.0.0)
  - MaterialComponents/private/Icons/Base (56.0.0)
  - MaterialComponents/private/Icons/ic_check_circle (56.0.0):
    - MaterialComponents/private/Icons/Base
  - MaterialComponents/private/Math (56.0.0)
  - MaterialComponents/private/Shapes (56.0.0):
    - MaterialComponents/private/Math
    - MaterialComponents/ShadowLayer
  - MaterialComponents/schemes/Color (56.0.0)
  - MaterialComponents/schemes/Typography (56.0.0)
  - MaterialComponents/ShadowElevations (56.0.0)
  - MaterialComponents/ShadowLayer (56.0.0):
    - MaterialComponents/ShadowElevations
  - MaterialComponents/Typography (56.0.0):
    - MaterialComponents/private/Application
  - MDFInternationalization (1.0.4)
  - MDFTextAccessibility (1.2.0)
  - nanopb (0.3.8):
    - nanopb/decode (= 0.3.8)
    - nanopb/encode (= 0.3.8)
  - nanopb/decode (0.3.8)
  - nanopb/encode (0.3.8)
  - PopupDialog (0.7.1):
    - DynamicBlurView (~> 2.0)
  - PPBadgeViewSwift (2.1.0)
  - ProgressHUD (2.60)
  - Protobuf (3.6.0)
  - ReadMoreTextView (3.0.0)
  - SDWebImage (4.4.1):
    - SDWebImage/Core (= 4.4.1)
  - SDWebImage/Core (4.4.1)
  - SkyFloatingLabelTextField (3.5.1)
  - SVProgressHUD (2.2.5)

DEPENDENCIES:
  - DZNEmptyDataSet
  - Firebase/Auth
  - Firebase/Core
  - Firebase/Database
  - Firebase/Firestore
  - Firebase/Messaging (~> 4.6.0)
  - Firebase/Storage
  - GoogleMaps
  - GooglePlaces
  - IQKeyboardManagerSwift
  - JVFloatLabeledTextField
  - MaterialComponents/Buttons
  - "MaterialComponents/Buttons+ButtonThemer"
  - MaterialComponents/Cards
  - PopupDialog
  - PPBadgeViewSwift
  - ProgressHUD
  - ReadMoreTextView
  - SDWebImage (~> 4.0)
  - SkyFloatingLabelTextField (~> 3.0)
  - SVProgressHUD

SPEC REPOS:
  https://github.com/CocoaPods/Specs.git:
    - BoringSSL
    - DynamicBlurView
    - DZNEmptyDataSet
    - Firebase
    - FirebaseAnalytics
    - FirebaseAuth
    - FirebaseCore
    - FirebaseDatabase
    - FirebaseFirestore
    - FirebaseInstanceID
    - FirebaseMessaging
    - FirebaseStorage
    - GoogleMaps
    - GooglePlaces
    - GoogleToolboxForMac
    - gRPC
    - gRPC-Core
    - gRPC-ProtoRPC
    - gRPC-RxLibrary
    - GTMSessionFetcher
    - IQKeyboardManagerSwift
    - JVFloatLabeledTextField
    - leveldb-library
    - MaterialComponents
    - MDFInternationalization
    - MDFTextAccessibility
    - nanopb
    - PopupDialog
    - PPBadgeViewSwift
    - ProgressHUD
    - Protobuf
    - ReadMoreTextView
    - SDWebImage
    - SkyFloatingLabelTextField
    - SVProgressHUD

SPEC CHECKSUMS:
  BoringSSL: cf3f1793eb6e3c445c4d150456341f149c268a35
  DynamicBlurView: aa6db4defc6e537eb86fc5e58dd3991666178399
  DZNEmptyDataSet: 9525833b9e68ac21c30253e1d3d7076cc828eaa7
  Firebase: 27321a925aa85520618255a7c630859e0502ccbd
  FirebaseAnalytics: 5b02a63ead2c3f0259cfc7f15e053e440587ecf8
  FirebaseAuth: e58563adb207a43910a2ed87fecb9fa7d556df5a
  FirebaseCore: 2a946ece8fbe3ce1fdeeb55324f273caade22df9
  FirebaseDatabase: 2e6e8e110b93b9a6e7aac71774c769a363035cb1
  FirebaseFirestore: a24dfccb54f883d82ee4cc086623fc2058e143b8
  FirebaseInstanceID: 8d20d890d65c917f9f7d9950b6e10a760ad34321
  FirebaseMessaging: 75d83375b0f7a9911568d7bdd1a1a8261cbcbdef
  FirebaseStorage: 0cca42d9b889a0227c3a50121f45a4469fc9eb27
  GoogleMaps: f79af95cb24d869457b1f961c93d3ce8b2f3b848
  GooglePlaces: 3d06e6c99654545b4738ce49648745779c25f2ef
  GoogleToolboxForMac: 91c824d21e85b31c2aae9bb011c5027c9b4e738f
  gRPC: 81b990caa01d7c32605d300c2ffd1b5ba0ef9e49
  gRPC-Core: a56b086a8ef5ced6f6ba5be5bc0a63fca185015a
  gRPC-ProtoRPC: 842797fbe05dfcf891afb4a5048e5ccf5f06ef86
  gRPC-RxLibrary: fa6852f98d6ec0b73c0ec2f6406c26943099d501
  GTMSessionFetcher: 5fa5b80fd20e439ef5f545fb2cb3ca6c6714caa2
  IQKeyboardManagerSwift: c14eca30f6001457d6ddf25e313f23fb6578c41c
  JVFloatLabeledTextField: cfc44e3c4d493b2ed92ede8035e8e89c2912ba64
  leveldb-library: 08cba283675b7ed2d99629a4bc5fd052cd2bb6a5
  MaterialComponents: e4edce947dba33f9c4dd14c34024602999afcbed
  MDFInternationalization: e355b0cebecf53d60233bd267084e49366c82513
  MDFTextAccessibility: 94098925e0853551c5a311ce7c1ecefbe297cdb6
  nanopb: 5601e6bca2dbf1ed831b519092ec110f66982ca3
  PopupDialog: 39598b7d41719f5c025b4b70e62728bae7734fef
  PPBadgeViewSwift: c43294dc4a88a555c75cbc45f651920416c23b81
  ProgressHUD: 4e4efbaf4f5de8bd32e0c4c3b6644a90ea1a8c3e
  Protobuf: 0fc0ad8bec688b2a3017a139953e01374fedbd5f
  ReadMoreTextView: d872de55c5850c702f8d8ce591fb70e5d00c873a
  SDWebImage: 47e9b5b925cbce75946c23f0c42dd19464189af4
  SkyFloatingLabelTextField: 4cbeece9c3aae97c6019d8fae511cb5b755874f7
  SVProgressHUD: 1428aafac632c1f86f62aa4243ec12008d7a51d6

PODFILE CHECKSUM: 7249441b012d655c233d51de6e28f27bbf2b6dcf

COCOAPODS: 1.5.0
