// !$*UTF8*$!
{
	archiveVersion = 1;
	classes = {
	};
	objectVersion = 46;
	objects = {

/* Begin PBXBuildFile section */
		483CAB6EA482B608B64B7B71 /* Pods_vKclubTests.framework in Frameworks */ = {isa = PBXBuildFile; fileRef = BD020989BCEBDBDE98344CBC /* Pods_vKclubTests.framework */; };
		7F52C84F1EE098F6003FE41D /* ForgotPWController.swift in Sources */ = {isa = PBXBuildFile; fileRef = 7F52C84E1EE098F6003FE41D /* ForgotPWController.swift */; };
		7F9AF14E1EDE9FB300925CDC /* CreateAccController.swift in Sources */ = {isa = PBXBuildFile; fileRef = 7F9AF14D1EDE9FB300925CDC /* CreateAccController.swift */; };
		7FAB44BA1EDD65F60074A245 /* LoginController.swift in Sources */ = {isa = PBXBuildFile; fileRef = 7FAB44B91EDD65F60074A245 /* LoginController.swift */; };
		7FC839691EE478BE00C51A4F /* UIComponentHelper.swift in Sources */ = {isa = PBXBuildFile; fileRef = 7FC839681EE478BE00C51A4F /* UIComponentHelper.swift */; };
		7FF594C11EDD63750008C4AA /* AppDelegate.swift in Sources */ = {isa = PBXBuildFile; fileRef = 7FF594C01EDD63750008C4AA /* AppDelegate.swift */; };
		7FF594C31EDD63750008C4AA /* ViewController.swift in Sources */ = {isa = PBXBuildFile; fileRef = 7FF594C21EDD63750008C4AA /* ViewController.swift */; };
		7FF594C61EDD63750008C4AA /* Main.storyboard in Resources */ = {isa = PBXBuildFile; fileRef = 7FF594C41EDD63750008C4AA /* Main.storyboard */; };
		7FF594C91EDD63750008C4AA /* vKclub.xcdatamodeld in Sources */ = {isa = PBXBuildFile; fileRef = 7FF594C71EDD63750008C4AA /* vKclub.xcdatamodeld */; };
		7FF594CB1EDD63750008C4AA /* Assets.xcassets in Resources */ = {isa = PBXBuildFile; fileRef = 7FF594CA1EDD63750008C4AA /* Assets.xcassets */; };
		7FF594CE1EDD63750008C4AA /* LaunchScreen.storyboard in Resources */ = {isa = PBXBuildFile; fileRef = 7FF594CC1EDD63750008C4AA /* LaunchScreen.storyboard */; };
		7FF594D91EDD63750008C4AA /* vKclubTests.swift in Sources */ = {isa = PBXBuildFile; fileRef = 7FF594D81EDD63750008C4AA /* vKclubTests.swift */; };
		7FF594E41EDD63750008C4AA /* vKclubUITests.swift in Sources */ = {isa = PBXBuildFile; fileRef = 7FF594E31EDD63750008C4AA /* vKclubUITests.swift */; };
		C5DDAE6B1EFA2EA800CBC5DF /* GoogleService-Info.plist in Resources */ = {isa = PBXBuildFile; fileRef = C5DDAE6A1EFA2EA800CBC5DF /* GoogleService-Info.plist */; };
		D0D20C8FD2771382535C0B66 /* Pods_vKclubUITests.framework in Frameworks */ = {isa = PBXBuildFile; fileRef = 73B8BEF0C4684364CF28E834 /* Pods_vKclubUITests.framework */; };
		ED90820CEFDABD099FC50EFB /* Pods_vKclub.framework in Frameworks */ = {isa = PBXBuildFile; fileRef = 43F3C2095DB4884D6135B477 /* Pods_vKclub.framework */; };
/* End PBXBuildFile section */

/* Begin PBXContainerItemProxy section */
		7FF594D51EDD63750008C4AA /* PBXContainerItemProxy */ = {
			isa = PBXContainerItemProxy;
			containerPortal = 7FF594B51EDD63750008C4AA /* Project object */;
			proxyType = 1;
			remoteGlobalIDString = 7FF594BC1EDD63750008C4AA;
			remoteInfo = vKclub;
		};
		7FF594E01EDD63750008C4AA /* PBXContainerItemProxy */ = {
			isa = PBXContainerItemProxy;
			containerPortal = 7FF594B51EDD63750008C4AA /* Project object */;
			proxyType = 1;
			remoteGlobalIDString = 7FF594BC1EDD63750008C4AA;
			remoteInfo = vKclub;
		};
/* End PBXContainerItemProxy section */

/* Begin PBXFileReference section */
		43F3C2095DB4884D6135B477 /* Pods_vKclub.framework */ = {isa = PBXFileReference; explicitFileType = wrapper.framework; includeInIndex = 0; path = Pods_vKclub.framework; sourceTree = BUILT_PRODUCTS_DIR; };
		5493A18B017B2B410F80249F /* Pods-vKclub.debug.xcconfig */ = {isa = PBXFileReference; includeInIndex = 1; lastKnownFileType = text.xcconfig; name = "Pods-vKclub.debug.xcconfig"; path = "Pods/Target Support Files/Pods-vKclub/Pods-vKclub.debug.xcconfig"; sourceTree = "<group>"; };
		5BD061C570E122049726445F /* Pods-vKclubUITests.debug.xcconfig */ = {isa = PBXFileReference; includeInIndex = 1; lastKnownFileType = text.xcconfig; name = "Pods-vKclubUITests.debug.xcconfig"; path = "Pods/Target Support Files/Pods-vKclubUITests/Pods-vKclubUITests.debug.xcconfig"; sourceTree = "<group>"; };
		73B48260665ED3D9B32F8908 /* Pods-vKclubTests.release.xcconfig */ = {isa = PBXFileReference; includeInIndex = 1; lastKnownFileType = text.xcconfig; name = "Pods-vKclubTests.release.xcconfig"; path = "Pods/Target Support Files/Pods-vKclubTests/Pods-vKclubTests.release.xcconfig"; sourceTree = "<group>"; };
		73B8BEF0C4684364CF28E834 /* Pods_vKclubUITests.framework */ = {isa = PBXFileReference; explicitFileType = wrapper.framework; includeInIndex = 0; path = Pods_vKclubUITests.framework; sourceTree = BUILT_PRODUCTS_DIR; };
		768EB3CABB2FDF2B8372301B /* Pods-vKclubUITests.release.xcconfig */ = {isa = PBXFileReference; includeInIndex = 1; lastKnownFileType = text.xcconfig; name = "Pods-vKclubUITests.release.xcconfig"; path = "Pods/Target Support Files/Pods-vKclubUITests/Pods-vKclubUITests.release.xcconfig"; sourceTree = "<group>"; };
		7F52C84E1EE098F6003FE41D /* ForgotPWController.swift */ = {isa = PBXFileReference; fileEncoding = 4; lastKnownFileType = sourcecode.swift; path = ForgotPWController.swift; sourceTree = "<group>"; };
		7F9AF14D1EDE9FB300925CDC /* CreateAccController.swift */ = {isa = PBXFileReference; fileEncoding = 4; lastKnownFileType = sourcecode.swift; path = CreateAccController.swift; sourceTree = "<group>"; };
		7FAB44B91EDD65F60074A245 /* LoginController.swift */ = {isa = PBXFileReference; fileEncoding = 4; lastKnownFileType = sourcecode.swift; path = LoginController.swift; sourceTree = "<group>"; };
		7FC839681EE478BE00C51A4F /* UIComponentHelper.swift */ = {isa = PBXFileReference; fileEncoding = 4; lastKnownFileType = sourcecode.swift; path = UIComponentHelper.swift; sourceTree = "<group>"; };
		7FF594BD1EDD63750008C4AA /* vKclub.app */ = {isa = PBXFileReference; explicitFileType = wrapper.application; includeInIndex = 0; path = vKclub.app; sourceTree = BUILT_PRODUCTS_DIR; };
		7FF594C01EDD63750008C4AA /* AppDelegate.swift */ = {isa = PBXFileReference; lastKnownFileType = sourcecode.swift; path = AppDelegate.swift; sourceTree = "<group>"; };
		7FF594C21EDD63750008C4AA /* ViewController.swift */ = {isa = PBXFileReference; lastKnownFileType = sourcecode.swift; path = ViewController.swift; sourceTree = "<group>"; };
		7FF594C51EDD63750008C4AA /* Base */ = {isa = PBXFileReference; lastKnownFileType = file.storyboard; name = Base; path = Base.lproj/Main.storyboard; sourceTree = "<group>"; };
		7FF594C81EDD63750008C4AA /* vKclub.xcdatamodel */ = {isa = PBXFileReference; lastKnownFileType = wrapper.xcdatamodel; path = vKclub.xcdatamodel; sourceTree = "<group>"; };
		7FF594CA1EDD63750008C4AA /* Assets.xcassets */ = {isa = PBXFileReference; lastKnownFileType = folder.assetcatalog; path = Assets.xcassets; sourceTree = "<group>"; };
		7FF594CD1EDD63750008C4AA /* Base */ = {isa = PBXFileReference; lastKnownFileType = file.storyboard; name = Base; path = Base.lproj/LaunchScreen.storyboard; sourceTree = "<group>"; };
		7FF594CF1EDD63750008C4AA /* Info.plist */ = {isa = PBXFileReference; lastKnownFileType = text.plist.xml; path = Info.plist; sourceTree = "<group>"; };
		7FF594D41EDD63750008C4AA /* vKclubTests.xctest */ = {isa = PBXFileReference; explicitFileType = wrapper.cfbundle; includeInIndex = 0; path = vKclubTests.xctest; sourceTree = BUILT_PRODUCTS_DIR; };
		7FF594D81EDD63750008C4AA /* vKclubTests.swift */ = {isa = PBXFileReference; lastKnownFileType = sourcecode.swift; path = vKclubTests.swift; sourceTree = "<group>"; };
		7FF594DA1EDD63750008C4AA /* Info.plist */ = {isa = PBXFileReference; lastKnownFileType = text.plist.xml; path = Info.plist; sourceTree = "<group>"; };
		7FF594DF1EDD63750008C4AA /* vKclubUITests.xctest */ = {isa = PBXFileReference; explicitFileType = wrapper.cfbundle; includeInIndex = 0; path = vKclubUITests.xctest; sourceTree = BUILT_PRODUCTS_DIR; };
		7FF594E31EDD63750008C4AA /* vKclubUITests.swift */ = {isa = PBXFileReference; lastKnownFileType = sourcecode.swift; path = vKclubUITests.swift; sourceTree = "<group>"; };
		7FF594E51EDD63750008C4AA /* Info.plist */ = {isa = PBXFileReference; lastKnownFileType = text.plist.xml; path = Info.plist; sourceTree = "<group>"; };
		9D5644EB341690DB3DAB1B71 /* Pods-vKclubTests.debug.xcconfig */ = {isa = PBXFileReference; includeInIndex = 1; lastKnownFileType = text.xcconfig; name = "Pods-vKclubTests.debug.xcconfig"; path = "Pods/Target Support Files/Pods-vKclubTests/Pods-vKclubTests.debug.xcconfig"; sourceTree = "<group>"; };
		BD020989BCEBDBDE98344CBC /* Pods_vKclubTests.framework */ = {isa = PBXFileReference; explicitFileType = wrapper.framework; includeInIndex = 0; path = Pods_vKclubTests.framework; sourceTree = BUILT_PRODUCTS_DIR; };
		C5DDAE6A1EFA2EA800CBC5DF /* GoogleService-Info.plist */ = {isa = PBXFileReference; fileEncoding = 4; lastKnownFileType = text.plist.xml; name = "GoogleService-Info.plist"; path = "../../GoogleService-Info.plist"; sourceTree = "<group>"; };
		D87EEE563B7D2F43AD1D8EBC /* Pods-vKclub.release.xcconfig */ = {isa = PBXFileReference; includeInIndex = 1; lastKnownFileType = text.xcconfig; name = "Pods-vKclub.release.xcconfig"; path = "Pods/Target Support Files/Pods-vKclub/Pods-vKclub.release.xcconfig"; sourceTree = "<group>"; };
/* End PBXFileReference section */

/* Begin PBXFrameworksBuildPhase section */
		7FF594BA1EDD63750008C4AA /* Frameworks */ = {
			isa = PBXFrameworksBuildPhase;
			buildActionMask = 2147483647;
			files = (
				ED90820CEFDABD099FC50EFB /* Pods_vKclub.framework in Frameworks */,
			);
			runOnlyForDeploymentPostprocessing = 0;
		};
		7FF594D11EDD63750008C4AA /* Frameworks */ = {
			isa = PBXFrameworksBuildPhase;
			buildActionMask = 2147483647;
			files = (
				483CAB6EA482B608B64B7B71 /* Pods_vKclubTests.framework in Frameworks */,
			);
			runOnlyForDeploymentPostprocessing = 0;
		};
		7FF594DC1EDD63750008C4AA /* Frameworks */ = {
			isa = PBXFrameworksBuildPhase;
			buildActionMask = 2147483647;
			files = (
				D0D20C8FD2771382535C0B66 /* Pods_vKclubUITests.framework in Frameworks */,
			);
			runOnlyForDeploymentPostprocessing = 0;
		};
/* End PBXFrameworksBuildPhase section */

/* Begin PBXGroup section */
		3CB14F8AEE4EDDE52EFFC871 /* Pods */ = {
			isa = PBXGroup;
			children = (
				5493A18B017B2B410F80249F /* Pods-vKclub.debug.xcconfig */,
				D87EEE563B7D2F43AD1D8EBC /* Pods-vKclub.release.xcconfig */,
				9D5644EB341690DB3DAB1B71 /* Pods-vKclubTests.debug.xcconfig */,
				73B48260665ED3D9B32F8908 /* Pods-vKclubTests.release.xcconfig */,
				5BD061C570E122049726445F /* Pods-vKclubUITests.debug.xcconfig */,
				768EB3CABB2FDF2B8372301B /* Pods-vKclubUITests.release.xcconfig */,
			);
			name = Pods;
			sourceTree = "<group>";
		};
		6C4AB9B327B3731963C0AEBC /* Frameworks */ = {
			isa = PBXGroup;
			children = (
				43F3C2095DB4884D6135B477 /* Pods_vKclub.framework */,
				BD020989BCEBDBDE98344CBC /* Pods_vKclubTests.framework */,
				73B8BEF0C4684364CF28E834 /* Pods_vKclubUITests.framework */,
			);
			name = Frameworks;
			sourceTree = "<group>";
		};
		7F9AF1491EDE81DE00925CDC /* Views */ = {
			isa = PBXGroup;
			children = (
				7FF594C41EDD63750008C4AA /* Main.storyboard */,
			);
			name = Views;
			sourceTree = "<group>";
		};
		7F9AF14C1EDE9F0D00925CDC /* Controllers */ = {
			isa = PBXGroup;
			children = (
				7FF594C21EDD63750008C4AA /* ViewController.swift */,
				7F9AF14D1EDE9FB300925CDC /* CreateAccController.swift */,
				7FC839681EE478BE00C51A4F /* UIComponentHelper.swift */,
				7FAB44B91EDD65F60074A245 /* LoginController.swift */,
				7F52C84E1EE098F6003FE41D /* ForgotPWController.swift */,
			);
			name = Controllers;
			sourceTree = "<group>";
		};
		7FF594B41EDD63750008C4AA = {
			isa = PBXGroup;
			children = (
				7FF594BF1EDD63750008C4AA /* vKclub */,
				7FF594D71EDD63750008C4AA /* vKclubTests */,
				7FF594E21EDD63750008C4AA /* vKclubUITests */,
				7FF594BE1EDD63750008C4AA /* Products */,
				3CB14F8AEE4EDDE52EFFC871 /* Pods */,
				6C4AB9B327B3731963C0AEBC /* Frameworks */,
			);
			sourceTree = "<group>";
		};
		7FF594BE1EDD63750008C4AA /* Products */ = {
			isa = PBXGroup;
			children = (
				7FF594BD1EDD63750008C4AA /* vKclub.app */,
				7FF594D41EDD63750008C4AA /* vKclubTests.xctest */,
				7FF594DF1EDD63750008C4AA /* vKclubUITests.xctest */,
			);
			name = Products;
			sourceTree = "<group>";
		};
		7FF594BF1EDD63750008C4AA /* vKclub */ = {
			isa = PBXGroup;
			children = (
				C5DDAE6A1EFA2EA800CBC5DF /* GoogleService-Info.plist */,
				7FF594C01EDD63750008C4AA /* AppDelegate.swift */,
				7F9AF14C1EDE9F0D00925CDC /* Controllers */,
				7F9AF1491EDE81DE00925CDC /* Views */,
				7FF594CA1EDD63750008C4AA /* Assets.xcassets */,
				7FF594CC1EDD63750008C4AA /* LaunchScreen.storyboard */,
				7FF594CF1EDD63750008C4AA /* Info.plist */,
				7FF594C71EDD63750008C4AA /* vKclub.xcdatamodeld */,
			);
			path = vKclub;
			sourceTree = "<group>";
		};
		7FF594D71EDD63750008C4AA /* vKclubTests */ = {
			isa = PBXGroup;
			children = (
				7FF594D81EDD63750008C4AA /* vKclubTests.swift */,
				7FF594DA1EDD63750008C4AA /* Info.plist */,
			);
			path = vKclubTests;
			sourceTree = "<group>";
		};
		7FF594E21EDD63750008C4AA /* vKclubUITests */ = {
			isa = PBXGroup;
			children = (
				7FF594E31EDD63750008C4AA /* vKclubUITests.swift */,
				7FF594E51EDD63750008C4AA /* Info.plist */,
			);
			path = vKclubUITests;
			sourceTree = "<group>";
		};
/* End PBXGroup section */

/* Begin PBXNativeTarget section */
		7FF594BC1EDD63750008C4AA /* vKclub */ = {
			isa = PBXNativeTarget;
			buildConfigurationList = 7FF594E81EDD63750008C4AA /* Build configuration list for PBXNativeTarget "vKclub" */;
			buildPhases = (
				B7C8D8F7FFFF8B73691DFD69 /* [CP] Check Pods Manifest.lock */,
				7FF594B91EDD63750008C4AA /* Sources */,
				7FF594BA1EDD63750008C4AA /* Frameworks */,
				7FF594BB1EDD63750008C4AA /* Resources */,
				23D0B2EE6FAC8D8AB6EE79A7 /* [CP] Embed Pods Frameworks */,
				EBB5E4FBC1F9203D381C697F /* [CP] Copy Pods Resources */,
			);
			buildRules = (
			);
			dependencies = (
			);
			name = vKclub;
			productName = vKclub;
			productReference = 7FF594BD1EDD63750008C4AA /* vKclub.app */;
			productType = "com.apple.product-type.application";
		};
		7FF594D31EDD63750008C4AA /* vKclubTests */ = {
			isa = PBXNativeTarget;
			buildConfigurationList = 7FF594EB1EDD63750008C4AA /* Build configuration list for PBXNativeTarget "vKclubTests" */;
			buildPhases = (
				D8A74033DD8FE9F7D047957D /* [CP] Check Pods Manifest.lock */,
				7FF594D01EDD63750008C4AA /* Sources */,
				7FF594D11EDD63750008C4AA /* Frameworks */,
				7FF594D21EDD63750008C4AA /* Resources */,
				6F126842854944B88BBD11BA /* [CP] Embed Pods Frameworks */,
				B5CA0A1E568D30F1600190EC /* [CP] Copy Pods Resources */,
			);
			buildRules = (
			);
			dependencies = (
				7FF594D61EDD63750008C4AA /* PBXTargetDependency */,
			);
			name = vKclubTests;
			productName = vKclubTests;
			productReference = 7FF594D41EDD63750008C4AA /* vKclubTests.xctest */;
			productType = "com.apple.product-type.bundle.unit-test";
		};
		7FF594DE1EDD63750008C4AA /* vKclubUITests */ = {
			isa = PBXNativeTarget;
			buildConfigurationList = 7FF594EE1EDD63750008C4AA /* Build configuration list for PBXNativeTarget "vKclubUITests" */;
			buildPhases = (
				385639F1304012AB4FCA3D06 /* [CP] Check Pods Manifest.lock */,
				7FF594DB1EDD63750008C4AA /* Sources */,
				7FF594DC1EDD63750008C4AA /* Frameworks */,
				7FF594DD1EDD63750008C4AA /* Resources */,
				975B39C2A9062B3E6FB034C8 /* [CP] Embed Pods Frameworks */,
				8809528B4A993E9CE94784ED /* [CP] Copy Pods Resources */,
			);
			buildRules = (
			);
			dependencies = (
				7FF594E11EDD63750008C4AA /* PBXTargetDependency */,
			);
			name = vKclubUITests;
			productName = vKclubUITests;
			productReference = 7FF594DF1EDD63750008C4AA /* vKclubUITests.xctest */;
			productType = "com.apple.product-type.bundle.ui-testing";
		};
/* End PBXNativeTarget section */

/* Begin PBXProject section */
		7FF594B51EDD63750008C4AA /* Project object */ = {
			isa = PBXProject;
			attributes = {
				LastSwiftUpdateCheck = 0830;
				LastUpgradeCheck = 0830;
				ORGANIZATIONNAME = HuySophanna;
				TargetAttributes = {
					7FF594BC1EDD63750008C4AA = {
						CreatedOnToolsVersion = 8.3.2;
						DevelopmentTeam = 87A3CVP9KW;
						ProvisioningStyle = Automatic;
					};
					7FF594D31EDD63750008C4AA = {
						CreatedOnToolsVersion = 8.3.2;
						ProvisioningStyle = Automatic;
						TestTargetID = 7FF594BC1EDD63750008C4AA;
					};
					7FF594DE1EDD63750008C4AA = {
						CreatedOnToolsVersion = 8.3.2;
						ProvisioningStyle = Automatic;
						TestTargetID = 7FF594BC1EDD63750008C4AA;
					};
				};
			};
			buildConfigurationList = 7FF594B81EDD63750008C4AA /* Build configuration list for PBXProject "vKclub" */;
			compatibilityVersion = "Xcode 3.2";
			developmentRegion = English;
			hasScannedForEncodings = 0;
			knownRegions = (
				en,
				Base,
			);
			mainGroup = 7FF594B41EDD63750008C4AA;
			productRefGroup = 7FF594BE1EDD63750008C4AA /* Products */;
			projectDirPath = "";
			projectRoot = "";
			targets = (
				7FF594BC1EDD63750008C4AA /* vKclub */,
				7FF594D31EDD63750008C4AA /* vKclubTests */,
				7FF594DE1EDD63750008C4AA /* vKclubUITests */,
			);
		};
/* End PBXProject section */

/* Begin PBXResourcesBuildPhase section */
		7FF594BB1EDD63750008C4AA /* Resources */ = {
			isa = PBXResourcesBuildPhase;
			buildActionMask = 2147483647;
			files = (
				7FF594CE1EDD63750008C4AA /* LaunchScreen.storyboard in Resources */,
				C5DDAE6B1EFA2EA800CBC5DF /* GoogleService-Info.plist in Resources */,
				7FF594CB1EDD63750008C4AA /* Assets.xcassets in Resources */,
				7FF594C61EDD63750008C4AA /* Main.storyboard in Resources */,
			);
			runOnlyForDeploymentPostprocessing = 0;
		};
		7FF594D21EDD63750008C4AA /* Resources */ = {
			isa = PBXResourcesBuildPhase;
			buildActionMask = 2147483647;
			files = (
			);
			runOnlyForDeploymentPostprocessing = 0;
		};
		7FF594DD1EDD63750008C4AA /* Resources */ = {
			isa = PBXResourcesBuildPhase;
			buildActionMask = 2147483647;
			files = (
			);
			runOnlyForDeploymentPostprocessing = 0;
		};
/* End PBXResourcesBuildPhase section */

/* Begin PBXShellScriptBuildPhase section */
		23D0B2EE6FAC8D8AB6EE79A7 /* [CP] Embed Pods Frameworks */ = {
			isa = PBXShellScriptBuildPhase;
			buildActionMask = 2147483647;
			files = (
			);
			inputPaths = (
			);
			name = "[CP] Embed Pods Frameworks";
			outputPaths = (
			);
			runOnlyForDeploymentPostprocessing = 0;
			shellPath = /bin/sh;
			shellScript = "\"${SRCROOT}/Pods/Target Support Files/Pods-vKclub/Pods-vKclub-frameworks.sh\"\n";
			showEnvVarsInLog = 0;
		};
		385639F1304012AB4FCA3D06 /* [CP] Check Pods Manifest.lock */ = {
			isa = PBXShellScriptBuildPhase;
			buildActionMask = 2147483647;
			files = (
			);
			inputPaths = (
			);
			name = "[CP] Check Pods Manifest.lock";
			outputPaths = (
			);
			runOnlyForDeploymentPostprocessing = 0;
			shellPath = /bin/sh;
			shellScript = "diff \"${PODS_PODFILE_DIR_PATH}/Podfile.lock\" \"${PODS_ROOT}/Manifest.lock\" > /dev/null\nif [ $? != 0 ] ; then\n    # print error to STDERR\n    echo \"error: The sandbox is not in sync with the Podfile.lock. Run 'pod install' or update your CocoaPods installation.\" >&2\n    exit 1\nfi\n";
			showEnvVarsInLog = 0;
		};
		6F126842854944B88BBD11BA /* [CP] Embed Pods Frameworks */ = {
			isa = PBXShellScriptBuildPhase;
			buildActionMask = 2147483647;
			files = (
			);
			inputPaths = (
			);
			name = "[CP] Embed Pods Frameworks";
			outputPaths = (
			);
			runOnlyForDeploymentPostprocessing = 0;
			shellPath = /bin/sh;
			shellScript = "\"${SRCROOT}/Pods/Target Support Files/Pods-vKclubTests/Pods-vKclubTests-frameworks.sh\"\n";
			showEnvVarsInLog = 0;
		};
		8809528B4A993E9CE94784ED /* [CP] Copy Pods Resources */ = {
			isa = PBXShellScriptBuildPhase;
			buildActionMask = 2147483647;
			files = (
			);
			inputPaths = (
			);
			name = "[CP] Copy Pods Resources";
			outputPaths = (
			);
			runOnlyForDeploymentPostprocessing = 0;
			shellPath = /bin/sh;
			shellScript = "\"${SRCROOT}/Pods/Target Support Files/Pods-vKclubUITests/Pods-vKclubUITests-resources.sh\"\n";
			showEnvVarsInLog = 0;
		};
		975B39C2A9062B3E6FB034C8 /* [CP] Embed Pods Frameworks */ = {
			isa = PBXShellScriptBuildPhase;
			buildActionMask = 2147483647;
			files = (
			);
			inputPaths = (
			);
			name = "[CP] Embed Pods Frameworks";
			outputPaths = (
			);
			runOnlyForDeploymentPostprocessing = 0;
			shellPath = /bin/sh;
			shellScript = "\"${SRCROOT}/Pods/Target Support Files/Pods-vKclubUITests/Pods-vKclubUITests-frameworks.sh\"\n";
			showEnvVarsInLog = 0;
		};
		B5CA0A1E568D30F1600190EC /* [CP] Copy Pods Resources */ = {
			isa = PBXShellScriptBuildPhase;
			buildActionMask = 2147483647;
			files = (
			);
			inputPaths = (
			);
			name = "[CP] Copy Pods Resources";
			outputPaths = (
			);
			runOnlyForDeploymentPostprocessing = 0;
			shellPath = /bin/sh;
			shellScript = "\"${SRCROOT}/Pods/Target Support Files/Pods-vKclubTests/Pods-vKclubTests-resources.sh\"\n";
			showEnvVarsInLog = 0;
		};
		B7C8D8F7FFFF8B73691DFD69 /* [CP] Check Pods Manifest.lock */ = {
			isa = PBXShellScriptBuildPhase;
			buildActionMask = 2147483647;
			files = (
			);
			inputPaths = (
			);
			name = "[CP] Check Pods Manifest.lock";
			outputPaths = (
			);
			runOnlyForDeploymentPostprocessing = 0;
			shellPath = /bin/sh;
			shellScript = "diff \"${PODS_PODFILE_DIR_PATH}/Podfile.lock\" \"${PODS_ROOT}/Manifest.lock\" > /dev/null\nif [ $? != 0 ] ; then\n    # print error to STDERR\n    echo \"error: The sandbox is not in sync with the Podfile.lock. Run 'pod install' or update your CocoaPods installation.\" >&2\n    exit 1\nfi\n";
			showEnvVarsInLog = 0;
		};
		D8A74033DD8FE9F7D047957D /* [CP] Check Pods Manifest.lock */ = {
			isa = PBXShellScriptBuildPhase;
			buildActionMask = 2147483647;
			files = (
			);
			inputPaths = (
			);
			name = "[CP] Check Pods Manifest.lock";
			outputPaths = (
			);
			runOnlyForDeploymentPostprocessing = 0;
			shellPath = /bin/sh;
			shellScript = "diff \"${PODS_PODFILE_DIR_PATH}/Podfile.lock\" \"${PODS_ROOT}/Manifest.lock\" > /dev/null\nif [ $? != 0 ] ; then\n    # print error to STDERR\n    echo \"error: The sandbox is not in sync with the Podfile.lock. Run 'pod install' or update your CocoaPods installation.\" >&2\n    exit 1\nfi\n";
			showEnvVarsInLog = 0;
		};
		EBB5E4FBC1F9203D381C697F /* [CP] Copy Pods Resources */ = {
			isa = PBXShellScriptBuildPhase;
			buildActionMask = 2147483647;
			files = (
			);
			inputPaths = (
			);
			name = "[CP] Copy Pods Resources";
			outputPaths = (
			);
			runOnlyForDeploymentPostprocessing = 0;
			shellPath = /bin/sh;
			shellScript = "\"${SRCROOT}/Pods/Target Support Files/Pods-vKclub/Pods-vKclub-resources.sh\"\n";
			showEnvVarsInLog = 0;
		};
/* End PBXShellScriptBuildPhase section */

/* Begin PBXSourcesBuildPhase section */
		7FF594B91EDD63750008C4AA /* Sources */ = {
			isa = PBXSourcesBuildPhase;
			buildActionMask = 2147483647;
			files = (
				7FF594C31EDD63750008C4AA /* ViewController.swift in Sources */,
				7F52C84F1EE098F6003FE41D /* ForgotPWController.swift in Sources */,
				7FC839691EE478BE00C51A4F /* UIComponentHelper.swift in Sources */,
				7FAB44BA1EDD65F60074A245 /* LoginController.swift in Sources */,
				7F9AF14E1EDE9FB300925CDC /* CreateAccController.swift in Sources */,
				7FF594C11EDD63750008C4AA /* AppDelegate.swift in Sources */,
				7FF594C91EDD63750008C4AA /* vKclub.xcdatamodeld in Sources */,
			);
			runOnlyForDeploymentPostprocessing = 0;
		};
		7FF594D01EDD63750008C4AA /* Sources */ = {
			isa = PBXSourcesBuildPhase;
			buildActionMask = 2147483647;
			files = (
				7FF594D91EDD63750008C4AA /* vKclubTests.swift in Sources */,
			);
			runOnlyForDeploymentPostprocessing = 0;
		};
		7FF594DB1EDD63750008C4AA /* Sources */ = {
			isa = PBXSourcesBuildPhase;
			buildActionMask = 2147483647;
			files = (
				7FF594E41EDD63750008C4AA /* vKclubUITests.swift in Sources */,
			);
			runOnlyForDeploymentPostprocessing = 0;
		};
/* End PBXSourcesBuildPhase section */

/* Begin PBXTargetDependency section */
		7FF594D61EDD63750008C4AA /* PBXTargetDependency */ = {
			isa = PBXTargetDependency;
			target = 7FF594BC1EDD63750008C4AA /* vKclub */;
			targetProxy = 7FF594D51EDD63750008C4AA /* PBXContainerItemProxy */;
		};
		7FF594E11EDD63750008C4AA /* PBXTargetDependency */ = {
			isa = PBXTargetDependency;
			target = 7FF594BC1EDD63750008C4AA /* vKclub */;
			targetProxy = 7FF594E01EDD63750008C4AA /* PBXContainerItemProxy */;
		};
/* End PBXTargetDependency section */

/* Begin PBXVariantGroup section */
		7FF594C41EDD63750008C4AA /* Main.storyboard */ = {
			isa = PBXVariantGroup;
			children = (
				7FF594C51EDD63750008C4AA /* Base */,
			);
			name = Main.storyboard;
			sourceTree = "<group>";
		};
		7FF594CC1EDD63750008C4AA /* LaunchScreen.storyboard */ = {
			isa = PBXVariantGroup;
			children = (
				7FF594CD1EDD63750008C4AA /* Base */,
			);
			name = LaunchScreen.storyboard;
			sourceTree = "<group>";
		};
/* End PBXVariantGroup section */

/* Begin XCBuildConfiguration section */
		7FF594E61EDD63750008C4AA /* Debug */ = {
			isa = XCBuildConfiguration;
			buildSettings = {
				ALWAYS_SEARCH_USER_PATHS = NO;
				CLANG_ANALYZER_NONNULL = YES;
				CLANG_ANALYZER_NUMBER_OBJECT_CONVERSION = YES_AGGRESSIVE;
				CLANG_CXX_LANGUAGE_STANDARD = "gnu++0x";
				CLANG_CXX_LIBRARY = "libc++";
				CLANG_ENABLE_MODULES = YES;
				CLANG_ENABLE_OBJC_ARC = YES;
				CLANG_WARN_BOOL_CONVERSION = YES;
				CLANG_WARN_CONSTANT_CONVERSION = YES;
				CLANG_WARN_DIRECT_OBJC_ISA_USAGE = YES_ERROR;
				CLANG_WARN_DOCUMENTATION_COMMENTS = YES;
				CLANG_WARN_EMPTY_BODY = YES;
				CLANG_WARN_ENUM_CONVERSION = YES;
				CLANG_WARN_INFINITE_RECURSION = YES;
				CLANG_WARN_INT_CONVERSION = YES;
				CLANG_WARN_OBJC_ROOT_CLASS = YES_ERROR;
				CLANG_WARN_SUSPICIOUS_MOVE = YES;
				CLANG_WARN_UNREACHABLE_CODE = YES;
				CLANG_WARN__DUPLICATE_METHOD_MATCH = YES;
				"CODE_SIGN_IDENTITY[sdk=iphoneos*]" = "iPhone Developer";
				COPY_PHASE_STRIP = NO;
				DEBUG_INFORMATION_FORMAT = dwarf;
				ENABLE_STRICT_OBJC_MSGSEND = YES;
				ENABLE_TESTABILITY = YES;
				GCC_C_LANGUAGE_STANDARD = gnu99;
				GCC_DYNAMIC_NO_PIC = NO;
				GCC_NO_COMMON_BLOCKS = YES;
				GCC_OPTIMIZATION_LEVEL = 0;
				GCC_PREPROCESSOR_DEFINITIONS = (
					"DEBUG=1",
					"$(inherited)",
				);
				GCC_WARN_64_TO_32_BIT_CONVERSION = YES;
				GCC_WARN_ABOUT_RETURN_TYPE = YES_ERROR;
				GCC_WARN_UNDECLARED_SELECTOR = YES;
				GCC_WARN_UNINITIALIZED_AUTOS = YES_AGGRESSIVE;
				GCC_WARN_UNUSED_FUNCTION = YES;
				GCC_WARN_UNUSED_VARIABLE = YES;
				IPHONEOS_DEPLOYMENT_TARGET = 10.3;
				MTL_ENABLE_DEBUG_INFO = YES;
				ONLY_ACTIVE_ARCH = YES;
				SDKROOT = iphoneos;
				SWIFT_ACTIVE_COMPILATION_CONDITIONS = DEBUG;
				SWIFT_OPTIMIZATION_LEVEL = "-Onone";
				TARGETED_DEVICE_FAMILY = "1,2";
			};
			name = Debug;
		};
		7FF594E71EDD63750008C4AA /* Release */ = {
			isa = XCBuildConfiguration;
			buildSettings = {
				ALWAYS_SEARCH_USER_PATHS = NO;
				CLANG_ANALYZER_NONNULL = YES;
				CLANG_ANALYZER_NUMBER_OBJECT_CONVERSION = YES_AGGRESSIVE;
				CLANG_CXX_LANGUAGE_STANDARD = "gnu++0x";
				CLANG_CXX_LIBRARY = "libc++";
				CLANG_ENABLE_MODULES = YES;
				CLANG_ENABLE_OBJC_ARC = YES;
				CLANG_WARN_BOOL_CONVERSION = YES;
				CLANG_WARN_CONSTANT_CONVERSION = YES;
				CLANG_WARN_DIRECT_OBJC_ISA_USAGE = YES_ERROR;
				CLANG_WARN_DOCUMENTATION_COMMENTS = YES;
				CLANG_WARN_EMPTY_BODY = YES;
				CLANG_WARN_ENUM_CONVERSION = YES;
				CLANG_WARN_INFINITE_RECURSION = YES;
				CLANG_WARN_INT_CONVERSION = YES;
				CLANG_WARN_OBJC_ROOT_CLASS = YES_ERROR;
				CLANG_WARN_SUSPICIOUS_MOVE = YES;
				CLANG_WARN_UNREACHABLE_CODE = YES;
				CLANG_WARN__DUPLICATE_METHOD_MATCH = YES;
				"CODE_SIGN_IDENTITY[sdk=iphoneos*]" = "iPhone Developer";
				COPY_PHASE_STRIP = NO;
				DEBUG_INFORMATION_FORMAT = "dwarf-with-dsym";
				ENABLE_NS_ASSERTIONS = NO;
				ENABLE_STRICT_OBJC_MSGSEND = YES;
				GCC_C_LANGUAGE_STANDARD = gnu99;
				GCC_NO_COMMON_BLOCKS = YES;
				GCC_WARN_64_TO_32_BIT_CONVERSION = YES;
				GCC_WARN_ABOUT_RETURN_TYPE = YES_ERROR;
				GCC_WARN_UNDECLARED_SELECTOR = YES;
				GCC_WARN_UNINITIALIZED_AUTOS = YES_AGGRESSIVE;
				GCC_WARN_UNUSED_FUNCTION = YES;
				GCC_WARN_UNUSED_VARIABLE = YES;
				IPHONEOS_DEPLOYMENT_TARGET = 10.3;
				MTL_ENABLE_DEBUG_INFO = NO;
				SDKROOT = iphoneos;
				SWIFT_OPTIMIZATION_LEVEL = "-Owholemodule";
				TARGETED_DEVICE_FAMILY = "1,2";
				VALIDATE_PRODUCT = YES;
			};
			name = Release;
		};
		7FF594E91EDD63750008C4AA /* Debug */ = {
			isa = XCBuildConfiguration;
			baseConfigurationReference = 5493A18B017B2B410F80249F /* Pods-vKclub.debug.xcconfig */;
			buildSettings = {
				ASSETCATALOG_COMPILER_APPICON_NAME = AppIcon;
				DEVELOPMENT_TEAM = 87A3CVP9KW;
				INFOPLIST_FILE = vKclub/Info.plist;
				LD_RUNPATH_SEARCH_PATHS = "$(inherited) @executable_path/Frameworks";
				PRODUCT_BUNDLE_IDENTIFIER = com.chain.vKclub;
				PRODUCT_NAME = "$(TARGET_NAME)";
				SWIFT_VERSION = 3.0;
			};
			name = Debug;
		};
		7FF594EA1EDD63750008C4AA /* Release */ = {
			isa = XCBuildConfiguration;
			baseConfigurationReference = D87EEE563B7D2F43AD1D8EBC /* Pods-vKclub.release.xcconfig */;
			buildSettings = {
				ASSETCATALOG_COMPILER_APPICON_NAME = AppIcon;
				DEVELOPMENT_TEAM = 87A3CVP9KW;
				INFOPLIST_FILE = vKclub/Info.plist;
				LD_RUNPATH_SEARCH_PATHS = "$(inherited) @executable_path/Frameworks";
				PRODUCT_BUNDLE_IDENTIFIER = com.chain.vKclub;
				PRODUCT_NAME = "$(TARGET_NAME)";
				SWIFT_VERSION = 3.0;
			};
			name = Release;
		};
		7FF594EC1EDD63750008C4AA /* Debug */ = {
			isa = XCBuildConfiguration;
			baseConfigurationReference = 9D5644EB341690DB3DAB1B71 /* Pods-vKclubTests.debug.xcconfig */;
			buildSettings = {
				ALWAYS_EMBED_SWIFT_STANDARD_LIBRARIES = YES;
				BUNDLE_LOADER = "$(TEST_HOST)";
				INFOPLIST_FILE = vKclubTests/Info.plist;
				LD_RUNPATH_SEARCH_PATHS = "$(inherited) @executable_path/Frameworks @loader_path/Frameworks";
				PRODUCT_BUNDLE_IDENTIFIER = com.chain.vKclubTests;
				PRODUCT_NAME = "$(TARGET_NAME)";
				SWIFT_VERSION = 3.0;
				TEST_HOST = "$(BUILT_PRODUCTS_DIR)/vKclub.app/vKclub";
			};
			name = Debug;
		};
		7FF594ED1EDD63750008C4AA /* Release */ = {
			isa = XCBuildConfiguration;
			baseConfigurationReference = 73B48260665ED3D9B32F8908 /* Pods-vKclubTests.release.xcconfig */;
			buildSettings = {
				ALWAYS_EMBED_SWIFT_STANDARD_LIBRARIES = YES;
				BUNDLE_LOADER = "$(TEST_HOST)";
				INFOPLIST_FILE = vKclubTests/Info.plist;
				LD_RUNPATH_SEARCH_PATHS = "$(inherited) @executable_path/Frameworks @loader_path/Frameworks";
				PRODUCT_BUNDLE_IDENTIFIER = com.chain.vKclubTests;
				PRODUCT_NAME = "$(TARGET_NAME)";
				SWIFT_VERSION = 3.0;
				TEST_HOST = "$(BUILT_PRODUCTS_DIR)/vKclub.app/vKclub";
			};
			name = Release;
		};
		7FF594EF1EDD63750008C4AA /* Debug */ = {
			isa = XCBuildConfiguration;
			baseConfigurationReference = 5BD061C570E122049726445F /* Pods-vKclubUITests.debug.xcconfig */;
			buildSettings = {
				ALWAYS_EMBED_SWIFT_STANDARD_LIBRARIES = YES;
				INFOPLIST_FILE = vKclubUITests/Info.plist;
				LD_RUNPATH_SEARCH_PATHS = "$(inherited) @executable_path/Frameworks @loader_path/Frameworks";
				PRODUCT_BUNDLE_IDENTIFIER = com.chain.vKclubUITests;
				PRODUCT_NAME = "$(TARGET_NAME)";
				SWIFT_VERSION = 3.0;
				TEST_TARGET_NAME = vKclub;
			};
			name = Debug;
		};
		7FF594F01EDD63750008C4AA /* Release */ = {
			isa = XCBuildConfiguration;
			baseConfigurationReference = 768EB3CABB2FDF2B8372301B /* Pods-vKclubUITests.release.xcconfig */;
			buildSettings = {
				ALWAYS_EMBED_SWIFT_STANDARD_LIBRARIES = YES;
				INFOPLIST_FILE = vKclubUITests/Info.plist;
				LD_RUNPATH_SEARCH_PATHS = "$(inherited) @executable_path/Frameworks @loader_path/Frameworks";
				PRODUCT_BUNDLE_IDENTIFIER = com.chain.vKclubUITests;
				PRODUCT_NAME = "$(TARGET_NAME)";
				SWIFT_VERSION = 3.0;
				TEST_TARGET_NAME = vKclub;
			};
			name = Release;
		};
/* End XCBuildConfiguration section */

/* Begin XCConfigurationList section */
		7FF594B81EDD63750008C4AA /* Build configuration list for PBXProject "vKclub" */ = {
			isa = XCConfigurationList;
			buildConfigurations = (
				7FF594E61EDD63750008C4AA /* Debug */,
				7FF594E71EDD63750008C4AA /* Release */,
			);
			defaultConfigurationIsVisible = 0;
			defaultConfigurationName = Release;
		};
		7FF594E81EDD63750008C4AA /* Build configuration list for PBXNativeTarget "vKclub" */ = {
			isa = XCConfigurationList;
			buildConfigurations = (
				7FF594E91EDD63750008C4AA /* Debug */,
				7FF594EA1EDD63750008C4AA /* Release */,
			);
			defaultConfigurationIsVisible = 0;
			defaultConfigurationName = Release;
		};
		7FF594EB1EDD63750008C4AA /* Build configuration list for PBXNativeTarget "vKclubTests" */ = {
			isa = XCConfigurationList;
			buildConfigurations = (
				7FF594EC1EDD63750008C4AA /* Debug */,
				7FF594ED1EDD63750008C4AA /* Release */,
			);
			defaultConfigurationIsVisible = 0;
			defaultConfigurationName = Release;
		};
		7FF594EE1EDD63750008C4AA /* Build configuration list for PBXNativeTarget "vKclubUITests" */ = {
			isa = XCConfigurationList;
			buildConfigurations = (
				7FF594EF1EDD63750008C4AA /* Debug */,
				7FF594F01EDD63750008C4AA /* Release */,
			);
			defaultConfigurationIsVisible = 0;
			defaultConfigurationName = Release;
		};
/* End XCConfigurationList section */

/* Begin XCVersionGroup section */
		7FF594C71EDD63750008C4AA /* vKclub.xcdatamodeld */ = {
			isa = XCVersionGroup;
			children = (
				7FF594C81EDD63750008C4AA /* vKclub.xcdatamodel */,
			);
			currentVersion = 7FF594C81EDD63750008C4AA /* vKclub.xcdatamodel */;
			path = vKclub.xcdatamodeld;
			sourceTree = "<group>";
			versionGroupType = wrapper.xcdatamodel;
		};
/* End XCVersionGroup section */
	};
	rootObject = 7FF594B51EDD63750008C4AA /* Project object */;
}
